
Microsoft Visual Studio Solution File, Format Version 12.00
# Visual Studio Version 16
VisualStudioVersion = 16.0.29020.237
MinimumVisualStudioVersion = 10.0.40219.1
Project("{FAE04EC0-301F-11D3-BF4B-00C04F79EFBC}") = "TestClientCommunication", "TestClientCommunication\TestClientCommunication.csproj", "{9E4A8245-BB05-449D-BA11-E0AA4971FE86}"
EndProject
Global
	GlobalSection(SolutionConfigurationPlatforms) = preSolution
		Debug|Any CPU = Debug|Any CPU
		Release|Any CPU = Release|Any CPU
	EndGlobalSection
	GlobalSection(ProjectConfigurationPlatforms) = postSolution
		{9E4A8245-BB05-449D-BA11-E0AA4971FE86}.Debug|Any CPU.ActiveCfg = Debug|Any CPU
		{9E4A8245-BB05-449D-BA11-E0AA4971FE86}.Debug|Any CPU.Build.0 = Debug|Any CPU
		{9E4A8245-BB05-449D-BA11-E0AA4971FE86}.Release|Any CPU.ActiveCfg = Release|Any CPU
		{9E4A8245-BB05-449D-BA11-E0AA4971FE86}.Release|Any CPU.Build.0 = Release|Any CPU
	EndGlobalSection
	GlobalSection(SolutionProperties) = preSolution
		HideSolutionNode = FALSE
	EndGlobalSection
	GlobalSection(ExtensibilityGlobals) = postSolution
		SolutionGuid = {204CA767-724F-4D89-A7AD-6715867B603B}
	EndGlobalSection
EndGlobal
